
Microsoft Visual Studio Solution File, Format Version 12.00
# Blend for Visual Studio 14
VisualStudioVersion = 14.0.22823.1
MinimumVisualStudioVersion = 10.0.40219.1
Project("{2150E333-8FDC-42A3-9474-1A3956D46DE8}") = "Web", "Web", "{4793A2A6-228F-4BAD-98D7-11BBC3D1F991}"
EndProject
Project("{FAE04EC0-301F-11D3-BF4B-00C04F79EFBC}") = "DK.UOME.DataAccess.Local", "Web\DK.UOME.DataAccess.Local\DK.UOME.DataAccess.Local.csproj", "{DDEEEB5C-6B35-418A-A427-396B285A5C59}"
EndProject
Project("{FAE04EC0-301F-11D3-BF4B-00C04F79EFBC}") = "DK.UOME.Web.Repositories", "Web\DK.UOME.Web.Repositories\DK.UOME.Web.Repositories.csproj", "{AA29576C-91E5-4830-88A1-7CBC210FCF62}"
EndProject
Project("{FAE04EC0-301F-11D3-BF4B-00C04F79EFBC}") = "DK.UOME.Web.UI.DataModel", "Web\DK.UOME.Web.UI.DataModel\DK.UOME.Web.UI.DataModel.csproj", "{4638BB3F-CD49-4D4D-9C55-1AAD5F9811D8}"
EndProject
Project("{2150E333-8FDC-42A3-9474-1A3956D46DE8}") = "Core", "Core", "{C3DAE4EA-A133-42FB-963E-D12B081DCEC3}"
EndProject
Project("{FAE04EC0-301F-11D3-BF4B-00C04F79EFBC}") = "DK.UOME.DataAccess.Interfaces", "Core\DK.UOME.DataAccess.Interfaces\DK.UOME.DataAccess.Interfaces.csproj", "{86E10323-86A9-4838-AE25-25005B3396E2}"
EndProject
Project("{FAE04EC0-301F-11D3-BF4B-00C04F79EFBC}") = "DK.UOME.DataAccess.DataModel", "Core\DK.UOME.DataAccess.DataModel\DK.UOME.DataAccess.DataModel.csproj", "{0F8F1A45-7D06-42B2-873D-4F396769C0DC}"
EndProject
Project("{FAE04EC0-301F-11D3-BF4B-00C04F79EFBC}") = "DK.UOME.Repositories.Interfaces", "Core\DK.UOME.Repositories.Interfaces\DK.UOME.Repositories.Interfaces.csproj", "{715C0BE4-CAF1-4BEB-856E-F8AFD6C7CDE3}"
EndProject
Project("{FAE04EC0-301F-11D3-BF4B-00C04F79EFBC}") = "DK.UOME.DataAccess.WebAPI", "Web\DK.UOME.DataAccess.WebAPI\DK.UOME.DataAccess.WebAPI.csproj", "{69CE0E1B-AB69-4173-9DBC-EE36DC83042A}"
EndProject
Project("{FAE04EC0-301F-11D3-BF4B-00C04F79EFBC}") = "DK.UOME.Web.UI", "Web\DK.UOME.Web.UI\DK.UOME.Web.UI.csproj", "{737CF5AC-4204-4C1A-B8B7-8034E15C6919}"
EndProject
Project("{2150E333-8FDC-42A3-9474-1A3956D46DE8}") = "Tests", "Tests", "{FF8D8207-C80D-4591-9F73-0E3A709FC26F}"
EndProject
Project("{FAE04EC0-301F-11D3-BF4B-00C04F79EFBC}") = "DK.UOME.Web.UI.IntegrationTests", "DK.UOME.Web.UI.IntegrationTests\DK.UOME.Web.UI.IntegrationTests.csproj", "{F2061336-4A1B-48D6-88CB-3D98B0476513}"
EndProject
Project("{2150E333-8FDC-42A3-9474-1A3956D46DE8}") = "Store", "Store", "{79CE4901-1D6A-44A0-8965-C84836B44309}"
EndProject
Project("{D954291E-2A0B-460D-934E-DC6B0785DB48}") = "DK.UOME.Store.UI.Shared", "Store\DK.UOME.Store.UI\DK.UOME.Store.UI.Shared\DK.UOME.Store.UI.Shared.shproj", "{754555BE-7F00-404E-B6C0-8F2A7EBD431E}"
EndProject
Project("{FAE04EC0-301F-11D3-BF4B-00C04F79EFBC}") = "DK.UOME.Store.UI.Windows", "Store\DK.UOME.Store.UI\DK.UOME.Store.UI.Windows\DK.UOME.Store.UI.Windows.csproj", "{C196F640-FB3F-4789-BB3C-BB8CCAADD720}"
EndProject
Project("{FAE04EC0-301F-11D3-BF4B-00C04F79EFBC}") = "DK.UOME.Store.UI.WindowsPhone", "Store\DK.UOME.Store.UI\DK.UOME.Store.UI.WindowsPhone\DK.UOME.Store.UI.WindowsPhone.csproj", "{AA94B8CB-9A3F-4A19-97F9-5090268045BC}"
EndProject
Project("{FAE04EC0-301F-11D3-BF4B-00C04F79EFBC}") = "DK.UOME.Store.Repositories", "Store\DK.UOME.Store.Repositories\DK.UOME.Store.Repositories.csproj", "{03DC9666-5661-464B-865C-77FABCFC292D}"
EndProject
Project("{FAE04EC0-301F-11D3-BF4B-00C04F79EFBC}") = "DK.UOME.Store.UI.DataModel", "Store\DK.UOME.Store.UI.DataModel\DK.UOME.Store.UI.DataModel.csproj", "{CB6C4588-8F23-4B6C-BFDF-3947CE737DC9}"
EndProject
Project("{2150E333-8FDC-42A3-9474-1A3956D46DE8}") = "Tests", "Tests", "{3588A83E-FAE1-4BE0-9F43-97D3BBDFB03A}"
EndProject
Project("{FAE04EC0-301F-11D3-BF4B-00C04F79EFBC}") = "DK.UOME.Store.Windows.Tests", "Store\DK.UOME.Store.Windows.Tests\DK.UOME.Store.Windows.Tests.csproj", "{C631A134-6237-4954-BED2-F98609B068C2}"
EndProject
Project("{FAE04EC0-301F-11D3-BF4B-00C04F79EFBC}") = "DK.UOME.Store.WindowsPhone.Tests", "Store\DK.UOME.Store.WindowsPhone.Tests\DK.UOME.Store.WindowsPhone.Tests.csproj", "{3AFBD0F3-5CA5-46B8-B65D-2AB4F5DA63FF}"
EndProject
Project("{FAE04EC0-301F-11D3-BF4B-00C04F79EFBC}") = "DK.UOME.Store.PresentationModel", "Store\DK.UOME.Store.PresentationModel\DK.UOME.Store.PresentationModel.csproj", "{63B3FEA3-CFF9-4A02-94B1-BCAB90B8F750}"
EndProject
Project("{FAE04EC0-301F-11D3-BF4B-00C04F79EFBC}") = "DK.UOME.Store.Background", "Store\DK.UOME.Store.Background\DK.UOME.Store.Background.csproj", "{F75182BC-137E-4204-B1EB-8239A5D8CE90}"
EndProject
Project("{FAE04EC0-301F-11D3-BF4B-00C04F79EFBC}") = "DK.UOME.Store.DataAccess.Local", "Store\DK.UOME.Store.DataAccess.Local\DK.UOME.Store.DataAccess.Local.csproj", "{F248CD9F-4019-487D-824E-8541560CB24B}"
EndProject
Project("{FAE04EC0-301F-11D3-BF4B-00C04F79EFBC}") = "DK.UOME.Store.Notifications", "Store\DK.UOME.Store.Notifications\DK.UOME.Store.Notifications.csproj", "{7C329A42-9F33-4492-AE30-A1CA78AA9361}"
EndProject
Project("{2150E333-8FDC-42A3-9474-1A3956D46DE8}") = "Windows 8", "Windows 8", "{2078D338-4D01-414A-A7E0-33D2CF3516FD}"
EndProject
Project("{2150E333-8FDC-42A3-9474-1A3956D46DE8}") = "UWP", "UWP", "{A9A99FF1-86FC-496F-864A-C6B6D5C0392B}"
EndProject
Project("{FAE04EC0-301F-11D3-BF4B-00C04F79EFBC}") = "DK.UOME.Store.UI.UWP.Mobile", "Store\DK.UOME.Store.UI.UWP.Mobile\DK.UOME.Store.UI.UWP.Mobile.csproj", "{69816A53-93F6-4B53-841D-C578AFFE23C1}"
EndProject
Global
	GlobalSection(SharedMSBuildProjectFiles) = preSolution
		Store\DK.UOME.Store.UI\DK.UOME.Store.UI.Shared\DK.UOME.Store.UI.Shared.projitems*{c196f640-fb3f-4789-bb3c-bb8ccaadd720}*SharedItemsImports = 4
		Store\DK.UOME.Store.UI\DK.UOME.Store.UI.Shared\DK.UOME.Store.UI.Shared.projitems*{754555be-7f00-404e-b6c0-8f2a7ebd431e}*SharedItemsImports = 13
		Store\DK.UOME.Store.UI\DK.UOME.Store.UI.Shared\DK.UOME.Store.UI.Shared.projitems*{aa94b8cb-9a3f-4a19-97f9-5090268045bc}*SharedItemsImports = 4
	EndGlobalSection
	GlobalSection(SolutionConfigurationPlatforms) = preSolution
		Debug|Any CPU = Debug|Any CPU
		Debug|ARM = Debug|ARM
		Debug|Mixed Platforms = Debug|Mixed Platforms
		Debug|x64 = Debug|x64
		Debug|x86 = Debug|x86
		Release|Any CPU = Release|Any CPU
		Release|ARM = Release|ARM
		Release|Mixed Platforms = Release|Mixed Platforms
		Release|x64 = Release|x64
		Release|x86 = Release|x86
	EndGlobalSection
	GlobalSection(ProjectConfigurationPlatforms) = postSolution
		{DDEEEB5C-6B35-418A-A427-396B285A5C59}.Debug|Any CPU.ActiveCfg = Debug|Any CPU
		{DDEEEB5C-6B35-418A-A427-396B285A5C59}.Debug|Any CPU.Build.0 = Debug|Any CPU
		{DDEEEB5C-6B35-418A-A427-396B285A5C59}.Debug|ARM.ActiveCfg = Debug|Any CPU
		{DDEEEB5C-6B35-418A-A427-396B285A5C59}.Debug|ARM.Build.0 = Debug|Any CPU
		{DDEEEB5C-6B35-418A-A427-396B285A5C59}.Debug|Mixed Platforms.ActiveCfg = Debug|Any CPU
		{DDEEEB5C-6B35-418A-A427-396B285A5C59}.Debug|Mixed Platforms.Build.0 = Debug|Any CPU
		{DDEEEB5C-6B35-418A-A427-396B285A5C59}.Debug|x64.ActiveCfg = Debug|Any CPU
		{DDEEEB5C-6B35-418A-A427-396B285A5C59}.Debug|x86.ActiveCfg = Debug|Any CPU
		{DDEEEB5C-6B35-418A-A427-396B285A5C59}.Release|Any CPU.ActiveCfg = Release|Any CPU
		{DDEEEB5C-6B35-418A-A427-396B285A5C59}.Release|Any CPU.Build.0 = Release|Any CPU
		{DDEEEB5C-6B35-418A-A427-396B285A5C59}.Release|ARM.ActiveCfg = Release|Any CPU
		{DDEEEB5C-6B35-418A-A427-396B285A5C59}.Release|Mixed Platforms.ActiveCfg = Release|Any CPU
		{DDEEEB5C-6B35-418A-A427-396B285A5C59}.Release|Mixed Platforms.Build.0 = Release|Any CPU
		{DDEEEB5C-6B35-418A-A427-396B285A5C59}.Release|x64.ActiveCfg = Release|Any CPU
		{DDEEEB5C-6B35-418A-A427-396B285A5C59}.Release|x86.ActiveCfg = Release|Any CPU
		{AA29576C-91E5-4830-88A1-7CBC210FCF62}.Debug|Any CPU.ActiveCfg = Debug|Any CPU
		{AA29576C-91E5-4830-88A1-7CBC210FCF62}.Debug|Any CPU.Build.0 = Debug|Any CPU
		{AA29576C-91E5-4830-88A1-7CBC210FCF62}.Debug|ARM.ActiveCfg = Debug|Any CPU
		{AA29576C-91E5-4830-88A1-7CBC210FCF62}.Debug|Mixed Platforms.ActiveCfg = Debug|Any CPU
		{AA29576C-91E5-4830-88A1-7CBC210FCF62}.Debug|Mixed Platforms.Build.0 = Debug|Any CPU
		{AA29576C-91E5-4830-88A1-7CBC210FCF62}.Debug|x64.ActiveCfg = Debug|Any CPU
		{AA29576C-91E5-4830-88A1-7CBC210FCF62}.Debug|x86.ActiveCfg = Debug|Any CPU
		{AA29576C-91E5-4830-88A1-7CBC210FCF62}.Release|Any CPU.ActiveCfg = Release|Any CPU
		{AA29576C-91E5-4830-88A1-7CBC210FCF62}.Release|Any CPU.Build.0 = Release|Any CPU
		{AA29576C-91E5-4830-88A1-7CBC210FCF62}.Release|ARM.ActiveCfg = Release|Any CPU
		{AA29576C-91E5-4830-88A1-7CBC210FCF62}.Release|Mixed Platforms.ActiveCfg = Release|Any CPU
		{AA29576C-91E5-4830-88A1-7CBC210FCF62}.Release|Mixed Platforms.Build.0 = Release|Any CPU
		{AA29576C-91E5-4830-88A1-7CBC210FCF62}.Release|x64.ActiveCfg = Release|Any CPU
		{AA29576C-91E5-4830-88A1-7CBC210FCF62}.Release|x86.ActiveCfg = Release|Any CPU
		{4638BB3F-CD49-4D4D-9C55-1AAD5F9811D8}.Debug|Any CPU.ActiveCfg = Debug|Any CPU
		{4638BB3F-CD49-4D4D-9C55-1AAD5F9811D8}.Debug|Any CPU.Build.0 = Debug|Any CPU
		{4638BB3F-CD49-4D4D-9C55-1AAD5F9811D8}.Debug|ARM.ActiveCfg = Debug|Any CPU
		{4638BB3F-CD49-4D4D-9C55-1AAD5F9811D8}.Debug|Mixed Platforms.ActiveCfg = Debug|Any CPU
		{4638BB3F-CD49-4D4D-9C55-1AAD5F9811D8}.Debug|Mixed Platforms.Build.0 = Debug|Any CPU
		{4638BB3F-CD49-4D4D-9C55-1AAD5F9811D8}.Debug|x64.ActiveCfg = Debug|Any CPU
		{4638BB3F-CD49-4D4D-9C55-1AAD5F9811D8}.Debug|x86.ActiveCfg = Debug|Any CPU
		{4638BB3F-CD49-4D4D-9C55-1AAD5F9811D8}.Release|Any CPU.ActiveCfg = Release|Any CPU
		{4638BB3F-CD49-4D4D-9C55-1AAD5F9811D8}.Release|Any CPU.Build.0 = Release|Any CPU
		{4638BB3F-CD49-4D4D-9C55-1AAD5F9811D8}.Release|ARM.ActiveCfg = Release|Any CPU
		{4638BB3F-CD49-4D4D-9C55-1AAD5F9811D8}.Release|Mixed Platforms.ActiveCfg = Release|Any CPU
		{4638BB3F-CD49-4D4D-9C55-1AAD5F9811D8}.Release|Mixed Platforms.Build.0 = Release|Any CPU
		{4638BB3F-CD49-4D4D-9C55-1AAD5F9811D8}.Release|x64.ActiveCfg = Release|Any CPU
		{4638BB3F-CD49-4D4D-9C55-1AAD5F9811D8}.Release|x86.ActiveCfg = Release|Any CPU
		{86E10323-86A9-4838-AE25-25005B3396E2}.Debug|Any CPU.ActiveCfg = Debug|Any CPU
		{86E10323-86A9-4838-AE25-25005B3396E2}.Debug|Any CPU.Build.0 = Debug|Any CPU
		{86E10323-86A9-4838-AE25-25005B3396E2}.Debug|ARM.ActiveCfg = Debug|Any CPU
		{86E10323-86A9-4838-AE25-25005B3396E2}.Debug|ARM.Build.0 = Debug|Any CPU
		{86E10323-86A9-4838-AE25-25005B3396E2}.Debug|Mixed Platforms.ActiveCfg = Debug|Any CPU
		{86E10323-86A9-4838-AE25-25005B3396E2}.Debug|Mixed Platforms.Build.0 = Debug|Any CPU
		{86E10323-86A9-4838-AE25-25005B3396E2}.Debug|x64.ActiveCfg = Debug|Any CPU
		{86E10323-86A9-4838-AE25-25005B3396E2}.Debug|x86.ActiveCfg = Debug|Any CPU
		{86E10323-86A9-4838-AE25-25005B3396E2}.Release|Any CPU.ActiveCfg = Release|Any CPU
		{86E10323-86A9-4838-AE25-25005B3396E2}.Release|Any CPU.Build.0 = Release|Any CPU
		{86E10323-86A9-4838-AE25-25005B3396E2}.Release|ARM.ActiveCfg = Release|Any CPU
		{86E10323-86A9-4838-AE25-25005B3396E2}.Release|Mixed Platforms.ActiveCfg = Release|Any CPU
		{86E10323-86A9-4838-AE25-25005B3396E2}.Release|Mixed Platforms.Build.0 = Release|Any CPU
		{86E10323-86A9-4838-AE25-25005B3396E2}.Release|x64.ActiveCfg = Release|Any CPU
		{86E10323-86A9-4838-AE25-25005B3396E2}.Release|x86.ActiveCfg = Release|Any CPU
		{0F8F1A45-7D06-42B2-873D-4F396769C0DC}.Debug|Any CPU.ActiveCfg = Debug|Any CPU
		{0F8F1A45-7D06-42B2-873D-4F396769C0DC}.Debug|Any CPU.Build.0 = Debug|Any CPU
		{0F8F1A45-7D06-42B2-873D-4F396769C0DC}.Debug|ARM.ActiveCfg = Debug|Any CPU
		{0F8F1A45-7D06-42B2-873D-4F396769C0DC}.Debug|ARM.Build.0 = Debug|Any CPU
		{0F8F1A45-7D06-42B2-873D-4F396769C0DC}.Debug|Mixed Platforms.ActiveCfg = Debug|Any CPU
		{0F8F1A45-7D06-42B2-873D-4F396769C0DC}.Debug|Mixed Platforms.Build.0 = Debug|Any CPU
		{0F8F1A45-7D06-42B2-873D-4F396769C0DC}.Debug|x64.ActiveCfg = Debug|Any CPU
		{0F8F1A45-7D06-42B2-873D-4F396769C0DC}.Debug|x86.ActiveCfg = Debug|Any CPU
		{0F8F1A45-7D06-42B2-873D-4F396769C0DC}.Debug|x86.Build.0 = Debug|Any CPU
		{0F8F1A45-7D06-42B2-873D-4F396769C0DC}.Release|Any CPU.ActiveCfg = Release|Any CPU
		{0F8F1A45-7D06-42B2-873D-4F396769C0DC}.Release|Any CPU.Build.0 = Release|Any CPU
		{0F8F1A45-7D06-42B2-873D-4F396769C0DC}.Release|ARM.ActiveCfg = Release|Any CPU
		{0F8F1A45-7D06-42B2-873D-4F396769C0DC}.Release|Mixed Platforms.ActiveCfg = Release|Any CPU
		{0F8F1A45-7D06-42B2-873D-4F396769C0DC}.Release|Mixed Platforms.Build.0 = Release|Any CPU
		{0F8F1A45-7D06-42B2-873D-4F396769C0DC}.Release|x64.ActiveCfg = Release|Any CPU
		{0F8F1A45-7D06-42B2-873D-4F396769C0DC}.Release|x86.ActiveCfg = Release|Any CPU
		{715C0BE4-CAF1-4BEB-856E-F8AFD6C7CDE3}.Debug|Any CPU.ActiveCfg = Debug|Any CPU
		{715C0BE4-CAF1-4BEB-856E-F8AFD6C7CDE3}.Debug|Any CPU.Build.0 = Debug|Any CPU
		{715C0BE4-CAF1-4BEB-856E-F8AFD6C7CDE3}.Debug|ARM.ActiveCfg = Debug|Any CPU
		{715C0BE4-CAF1-4BEB-856E-F8AFD6C7CDE3}.Debug|ARM.Build.0 = Debug|Any CPU
		{715C0BE4-CAF1-4BEB-856E-F8AFD6C7CDE3}.Debug|Mixed Platforms.ActiveCfg = Debug|Any CPU
		{715C0BE4-CAF1-4BEB-856E-F8AFD6C7CDE3}.Debug|Mixed Platforms.Build.0 = Debug|Any CPU
		{715C0BE4-CAF1-4BEB-856E-F8AFD6C7CDE3}.Debug|x64.ActiveCfg = Debug|Any CPU
		{715C0BE4-CAF1-4BEB-856E-F8AFD6C7CDE3}.Debug|x86.ActiveCfg = Debug|Any CPU
		{715C0BE4-CAF1-4BEB-856E-F8AFD6C7CDE3}.Release|Any CPU.ActiveCfg = Release|Any CPU
		{715C0BE4-CAF1-4BEB-856E-F8AFD6C7CDE3}.Release|Any CPU.Build.0 = Release|Any CPU
		{715C0BE4-CAF1-4BEB-856E-F8AFD6C7CDE3}.Release|ARM.ActiveCfg = Release|Any CPU
		{715C0BE4-CAF1-4BEB-856E-F8AFD6C7CDE3}.Release|Mixed Platforms.ActiveCfg = Release|Any CPU
		{715C0BE4-CAF1-4BEB-856E-F8AFD6C7CDE3}.Release|Mixed Platforms.Build.0 = Release|Any CPU
		{715C0BE4-CAF1-4BEB-856E-F8AFD6C7CDE3}.Release|x64.ActiveCfg = Release|Any CPU
		{715C0BE4-CAF1-4BEB-856E-F8AFD6C7CDE3}.Release|x86.ActiveCfg = Release|Any CPU
		{69CE0E1B-AB69-4173-9DBC-EE36DC83042A}.Debug|Any CPU.ActiveCfg = Debug|Any CPU
		{69CE0E1B-AB69-4173-9DBC-EE36DC83042A}.Debug|Any CPU.Build.0 = Debug|Any CPU
		{69CE0E1B-AB69-4173-9DBC-EE36DC83042A}.Debug|ARM.ActiveCfg = Debug|Any CPU
		{69CE0E1B-AB69-4173-9DBC-EE36DC83042A}.Debug|ARM.Build.0 = Debug|Any CPU
		{69CE0E1B-AB69-4173-9DBC-EE36DC83042A}.Debug|Mixed Platforms.ActiveCfg = Debug|Any CPU
		{69CE0E1B-AB69-4173-9DBC-EE36DC83042A}.Debug|Mixed Platforms.Build.0 = Debug|Any CPU
		{69CE0E1B-AB69-4173-9DBC-EE36DC83042A}.Debug|x64.ActiveCfg = Debug|Any CPU
		{69CE0E1B-AB69-4173-9DBC-EE36DC83042A}.Debug|x86.ActiveCfg = Debug|Any CPU
		{69CE0E1B-AB69-4173-9DBC-EE36DC83042A}.Release|Any CPU.ActiveCfg = Release|Any CPU
		{69CE0E1B-AB69-4173-9DBC-EE36DC83042A}.Release|Any CPU.Build.0 = Release|Any CPU
		{69CE0E1B-AB69-4173-9DBC-EE36DC83042A}.Release|ARM.ActiveCfg = Release|Any CPU
		{69CE0E1B-AB69-4173-9DBC-EE36DC83042A}.Release|Mixed Platforms.ActiveCfg = Release|Any CPU
		{69CE0E1B-AB69-4173-9DBC-EE36DC83042A}.Release|Mixed Platforms.Build.0 = Release|Any CPU
		{69CE0E1B-AB69-4173-9DBC-EE36DC83042A}.Release|x64.ActiveCfg = Release|Any CPU
		{69CE0E1B-AB69-4173-9DBC-EE36DC83042A}.Release|x86.ActiveCfg = Release|Any CPU
		{737CF5AC-4204-4C1A-B8B7-8034E15C6919}.Debug|Any CPU.ActiveCfg = Debug|Any CPU
		{737CF5AC-4204-4C1A-B8B7-8034E15C6919}.Debug|Any CPU.Build.0 = Debug|Any CPU
		{737CF5AC-4204-4C1A-B8B7-8034E15C6919}.Debug|ARM.ActiveCfg = Debug|Any CPU
		{737CF5AC-4204-4C1A-B8B7-8034E15C6919}.Debug|Mixed Platforms.ActiveCfg = Debug|Any CPU
		{737CF5AC-4204-4C1A-B8B7-8034E15C6919}.Debug|Mixed Platforms.Build.0 = Debug|Any CPU
		{737CF5AC-4204-4C1A-B8B7-8034E15C6919}.Debug|x64.ActiveCfg = Debug|Any CPU
		{737CF5AC-4204-4C1A-B8B7-8034E15C6919}.Debug|x86.ActiveCfg = Debug|Any CPU
		{737CF5AC-4204-4C1A-B8B7-8034E15C6919}.Release|Any CPU.ActiveCfg = Release|Any CPU
		{737CF5AC-4204-4C1A-B8B7-8034E15C6919}.Release|Any CPU.Build.0 = Release|Any CPU
		{737CF5AC-4204-4C1A-B8B7-8034E15C6919}.Release|ARM.ActiveCfg = Release|Any CPU
		{737CF5AC-4204-4C1A-B8B7-8034E15C6919}.Release|Mixed Platforms.ActiveCfg = Release|Any CPU
		{737CF5AC-4204-4C1A-B8B7-8034E15C6919}.Release|Mixed Platforms.Build.0 = Release|Any CPU
		{737CF5AC-4204-4C1A-B8B7-8034E15C6919}.Release|x64.ActiveCfg = Release|Any CPU
		{737CF5AC-4204-4C1A-B8B7-8034E15C6919}.Release|x86.ActiveCfg = Release|Any CPU
		{F2061336-4A1B-48D6-88CB-3D98B0476513}.Debug|Any CPU.ActiveCfg = Debug|Any CPU
		{F2061336-4A1B-48D6-88CB-3D98B0476513}.Debug|Any CPU.Build.0 = Debug|Any CPU
		{F2061336-4A1B-48D6-88CB-3D98B0476513}.Debug|ARM.ActiveCfg = Debug|Any CPU
		{F2061336-4A1B-48D6-88CB-3D98B0476513}.Debug|Mixed Platforms.ActiveCfg = Debug|Any CPU
		{F2061336-4A1B-48D6-88CB-3D98B0476513}.Debug|Mixed Platforms.Build.0 = Debug|Any CPU
		{F2061336-4A1B-48D6-88CB-3D98B0476513}.Debug|x64.ActiveCfg = Debug|Any CPU
		{F2061336-4A1B-48D6-88CB-3D98B0476513}.Debug|x86.ActiveCfg = Debug|Any CPU
		{F2061336-4A1B-48D6-88CB-3D98B0476513}.Release|Any CPU.ActiveCfg = Release|Any CPU
		{F2061336-4A1B-48D6-88CB-3D98B0476513}.Release|Any CPU.Build.0 = Release|Any CPU
		{F2061336-4A1B-48D6-88CB-3D98B0476513}.Release|ARM.ActiveCfg = Release|Any CPU
		{F2061336-4A1B-48D6-88CB-3D98B0476513}.Release|Mixed Platforms.ActiveCfg = Release|Any CPU
		{F2061336-4A1B-48D6-88CB-3D98B0476513}.Release|Mixed Platforms.Build.0 = Release|Any CPU
		{F2061336-4A1B-48D6-88CB-3D98B0476513}.Release|x64.ActiveCfg = Release|Any CPU
		{F2061336-4A1B-48D6-88CB-3D98B0476513}.Release|x86.ActiveCfg = Release|Any CPU
		{C196F640-FB3F-4789-BB3C-BB8CCAADD720}.Debug|Any CPU.ActiveCfg = Debug|x86
		{C196F640-FB3F-4789-BB3C-BB8CCAADD720}.Debug|Any CPU.Build.0 = Debug|x86
		{C196F640-FB3F-4789-BB3C-BB8CCAADD720}.Debug|Any CPU.Deploy.0 = Debug|x86
		{C196F640-FB3F-4789-BB3C-BB8CCAADD720}.Debug|ARM.ActiveCfg = Debug|ARM
		{C196F640-FB3F-4789-BB3C-BB8CCAADD720}.Debug|Mixed Platforms.ActiveCfg = Debug|x86
		{C196F640-FB3F-4789-BB3C-BB8CCAADD720}.Debug|Mixed Platforms.Deploy.0 = Debug|x86
		{C196F640-FB3F-4789-BB3C-BB8CCAADD720}.Debug|x64.ActiveCfg = Debug|x64
		{C196F640-FB3F-4789-BB3C-BB8CCAADD720}.Debug|x64.Build.0 = Debug|x64
		{C196F640-FB3F-4789-BB3C-BB8CCAADD720}.Debug|x64.Deploy.0 = Debug|x64
		{C196F640-FB3F-4789-BB3C-BB8CCAADD720}.Debug|x86.ActiveCfg = Debug|x86
		{C196F640-FB3F-4789-BB3C-BB8CCAADD720}.Debug|x86.Build.0 = Debug|x86
		{C196F640-FB3F-4789-BB3C-BB8CCAADD720}.Debug|x86.Deploy.0 = Debug|x86
		{C196F640-FB3F-4789-BB3C-BB8CCAADD720}.Release|Any CPU.ActiveCfg = Release|Any CPU
		{C196F640-FB3F-4789-BB3C-BB8CCAADD720}.Release|Any CPU.Build.0 = Release|Any CPU
		{C196F640-FB3F-4789-BB3C-BB8CCAADD720}.Release|Any CPU.Deploy.0 = Release|Any CPU
		{C196F640-FB3F-4789-BB3C-BB8CCAADD720}.Release|ARM.ActiveCfg = Release|ARM
		{C196F640-FB3F-4789-BB3C-BB8CCAADD720}.Release|ARM.Build.0 = Release|ARM
		{C196F640-FB3F-4789-BB3C-BB8CCAADD720}.Release|ARM.Deploy.0 = Release|ARM
		{C196F640-FB3F-4789-BB3C-BB8CCAADD720}.Release|Mixed Platforms.ActiveCfg = Release|x86
		{C196F640-FB3F-4789-BB3C-BB8CCAADD720}.Release|Mixed Platforms.Build.0 = Release|x86
		{C196F640-FB3F-4789-BB3C-BB8CCAADD720}.Release|Mixed Platforms.Deploy.0 = Release|x86
		{C196F640-FB3F-4789-BB3C-BB8CCAADD720}.Release|x64.ActiveCfg = Release|x64
		{C196F640-FB3F-4789-BB3C-BB8CCAADD720}.Release|x64.Build.0 = Release|x64
		{C196F640-FB3F-4789-BB3C-BB8CCAADD720}.Release|x64.Deploy.0 = Release|x64
		{C196F640-FB3F-4789-BB3C-BB8CCAADD720}.Release|x86.ActiveCfg = Release|x86
		{C196F640-FB3F-4789-BB3C-BB8CCAADD720}.Release|x86.Build.0 = Release|x86
		{C196F640-FB3F-4789-BB3C-BB8CCAADD720}.Release|x86.Deploy.0 = Release|x86
		{AA94B8CB-9A3F-4A19-97F9-5090268045BC}.Debug|Any CPU.ActiveCfg = Debug|x86
		{AA94B8CB-9A3F-4A19-97F9-5090268045BC}.Debug|Any CPU.Build.0 = Debug|x86
		{AA94B8CB-9A3F-4A19-97F9-5090268045BC}.Debug|Any CPU.Deploy.0 = Debug|x86
		{AA94B8CB-9A3F-4A19-97F9-5090268045BC}.Debug|ARM.ActiveCfg = Debug|ARM
		{AA94B8CB-9A3F-4A19-97F9-5090268045BC}.Debug|Mixed Platforms.ActiveCfg = Debug|x86
		{AA94B8CB-9A3F-4A19-97F9-5090268045BC}.Debug|Mixed Platforms.Deploy.0 = Debug|x86
		{AA94B8CB-9A3F-4A19-97F9-5090268045BC}.Debug|x64.ActiveCfg = Debug|Any CPU
		{AA94B8CB-9A3F-4A19-97F9-5090268045BC}.Debug|x86.ActiveCfg = Debug|x86
		{AA94B8CB-9A3F-4A19-97F9-5090268045BC}.Debug|x86.Build.0 = Debug|x86
		{AA94B8CB-9A3F-4A19-97F9-5090268045BC}.Debug|x86.Deploy.0 = Debug|x86
		{AA94B8CB-9A3F-4A19-97F9-5090268045BC}.Release|Any CPU.ActiveCfg = Release|Any CPU
		{AA94B8CB-9A3F-4A19-97F9-5090268045BC}.Release|Any CPU.Build.0 = Release|Any CPU
		{AA94B8CB-9A3F-4A19-97F9-5090268045BC}.Release|Any CPU.Deploy.0 = Release|Any CPU
		{AA94B8CB-9A3F-4A19-97F9-5090268045BC}.Release|ARM.ActiveCfg = Release|ARM
		{AA94B8CB-9A3F-4A19-97F9-5090268045BC}.Release|ARM.Build.0 = Release|ARM
		{AA94B8CB-9A3F-4A19-97F9-5090268045BC}.Release|ARM.Deploy.0 = Release|ARM
		{AA94B8CB-9A3F-4A19-97F9-5090268045BC}.Release|Mixed Platforms.ActiveCfg = Release|x86
		{AA94B8CB-9A3F-4A19-97F9-5090268045BC}.Release|Mixed Platforms.Build.0 = Release|x86
		{AA94B8CB-9A3F-4A19-97F9-5090268045BC}.Release|Mixed Platforms.Deploy.0 = Release|x86
		{AA94B8CB-9A3F-4A19-97F9-5090268045BC}.Release|x64.ActiveCfg = Release|Any CPU
		{AA94B8CB-9A3F-4A19-97F9-5090268045BC}.Release|x86.ActiveCfg = Release|x86
		{AA94B8CB-9A3F-4A19-97F9-5090268045BC}.Release|x86.Build.0 = Release|x86
		{AA94B8CB-9A3F-4A19-97F9-5090268045BC}.Release|x86.Deploy.0 = Release|x86
		{03DC9666-5661-464B-865C-77FABCFC292D}.Debug|Any CPU.ActiveCfg = Debug|Any CPU
		{03DC9666-5661-464B-865C-77FABCFC292D}.Debug|Any CPU.Build.0 = Debug|Any CPU
		{03DC9666-5661-464B-865C-77FABCFC292D}.Debug|ARM.ActiveCfg = Debug|Any CPU
		{03DC9666-5661-464B-865C-77FABCFC292D}.Debug|ARM.Build.0 = Debug|Any CPU
		{03DC9666-5661-464B-865C-77FABCFC292D}.Debug|Mixed Platforms.ActiveCfg = Debug|Any CPU
		{03DC9666-5661-464B-865C-77FABCFC292D}.Debug|Mixed Platforms.Build.0 = Debug|Any CPU
		{03DC9666-5661-464B-865C-77FABCFC292D}.Debug|x64.ActiveCfg = Debug|Any CPU
		{03DC9666-5661-464B-865C-77FABCFC292D}.Debug|x86.ActiveCfg = Debug|Any CPU
		{03DC9666-5661-464B-865C-77FABCFC292D}.Release|Any CPU.ActiveCfg = Release|Any CPU
		{03DC9666-5661-464B-865C-77FABCFC292D}.Release|Any CPU.Build.0 = Release|Any CPU
		{03DC9666-5661-464B-865C-77FABCFC292D}.Release|ARM.ActiveCfg = Release|Any CPU
		{03DC9666-5661-464B-865C-77FABCFC292D}.Release|Mixed Platforms.ActiveCfg = Release|Any CPU
		{03DC9666-5661-464B-865C-77FABCFC292D}.Release|Mixed Platforms.Build.0 = Release|Any CPU
		{03DC9666-5661-464B-865C-77FABCFC292D}.Release|x64.ActiveCfg = Release|Any CPU
		{03DC9666-5661-464B-865C-77FABCFC292D}.Release|x86.ActiveCfg = Release|Any CPU
		{CB6C4588-8F23-4B6C-BFDF-3947CE737DC9}.Debug|Any CPU.ActiveCfg = Debug|Any CPU
		{CB6C4588-8F23-4B6C-BFDF-3947CE737DC9}.Debug|Any CPU.Build.0 = Debug|Any CPU
		{CB6C4588-8F23-4B6C-BFDF-3947CE737DC9}.Debug|ARM.ActiveCfg = Debug|Any CPU
		{CB6C4588-8F23-4B6C-BFDF-3947CE737DC9}.Debug|ARM.Build.0 = Debug|Any CPU
		{CB6C4588-8F23-4B6C-BFDF-3947CE737DC9}.Debug|Mixed Platforms.ActiveCfg = Debug|Any CPU
		{CB6C4588-8F23-4B6C-BFDF-3947CE737DC9}.Debug|Mixed Platforms.Build.0 = Debug|Any CPU
		{CB6C4588-8F23-4B6C-BFDF-3947CE737DC9}.Debug|x64.ActiveCfg = Debug|Any CPU
		{CB6C4588-8F23-4B6C-BFDF-3947CE737DC9}.Debug|x86.ActiveCfg = Debug|Any CPU
		{CB6C4588-8F23-4B6C-BFDF-3947CE737DC9}.Release|Any CPU.ActiveCfg = Release|Any CPU
		{CB6C4588-8F23-4B6C-BFDF-3947CE737DC9}.Release|Any CPU.Build.0 = Release|Any CPU
		{CB6C4588-8F23-4B6C-BFDF-3947CE737DC9}.Release|ARM.ActiveCfg = Release|Any CPU
		{CB6C4588-8F23-4B6C-BFDF-3947CE737DC9}.Release|Mixed Platforms.ActiveCfg = Release|Any CPU
		{CB6C4588-8F23-4B6C-BFDF-3947CE737DC9}.Release|Mixed Platforms.Build.0 = Release|Any CPU
		{CB6C4588-8F23-4B6C-BFDF-3947CE737DC9}.Release|x64.ActiveCfg = Release|Any CPU
		{CB6C4588-8F23-4B6C-BFDF-3947CE737DC9}.Release|x86.ActiveCfg = Release|Any CPU
		{C631A134-6237-4954-BED2-F98609B068C2}.Debug|Any CPU.ActiveCfg = Debug|x86
		{C631A134-6237-4954-BED2-F98609B068C2}.Debug|Any CPU.Build.0 = Debug|x86
		{C631A134-6237-4954-BED2-F98609B068C2}.Debug|Any CPU.Deploy.0 = Debug|x86
		{C631A134-6237-4954-BED2-F98609B068C2}.Debug|ARM.ActiveCfg = Debug|ARM
		{C631A134-6237-4954-BED2-F98609B068C2}.Debug|Mixed Platforms.ActiveCfg = Debug|x86
		{C631A134-6237-4954-BED2-F98609B068C2}.Debug|Mixed Platforms.Deploy.0 = Debug|x86
		{C631A134-6237-4954-BED2-F98609B068C2}.Debug|x64.ActiveCfg = Debug|x64
		{C631A134-6237-4954-BED2-F98609B068C2}.Debug|x64.Build.0 = Debug|x64
		{C631A134-6237-4954-BED2-F98609B068C2}.Debug|x64.Deploy.0 = Debug|x64
		{C631A134-6237-4954-BED2-F98609B068C2}.Debug|x86.ActiveCfg = Debug|x86
		{C631A134-6237-4954-BED2-F98609B068C2}.Debug|x86.Build.0 = Debug|x86
		{C631A134-6237-4954-BED2-F98609B068C2}.Debug|x86.Deploy.0 = Debug|x86
		{C631A134-6237-4954-BED2-F98609B068C2}.Release|Any CPU.ActiveCfg = Release|Any CPU
		{C631A134-6237-4954-BED2-F98609B068C2}.Release|Any CPU.Build.0 = Release|Any CPU
		{C631A134-6237-4954-BED2-F98609B068C2}.Release|Any CPU.Deploy.0 = Release|Any CPU
		{C631A134-6237-4954-BED2-F98609B068C2}.Release|ARM.ActiveCfg = Release|ARM
		{C631A134-6237-4954-BED2-F98609B068C2}.Release|ARM.Build.0 = Release|ARM
		{C631A134-6237-4954-BED2-F98609B068C2}.Release|ARM.Deploy.0 = Release|ARM
		{C631A134-6237-4954-BED2-F98609B068C2}.Release|Mixed Platforms.ActiveCfg = Release|x86
		{C631A134-6237-4954-BED2-F98609B068C2}.Release|Mixed Platforms.Build.0 = Release|x86
		{C631A134-6237-4954-BED2-F98609B068C2}.Release|Mixed Platforms.Deploy.0 = Release|x86
		{C631A134-6237-4954-BED2-F98609B068C2}.Release|x64.ActiveCfg = Release|x64
		{C631A134-6237-4954-BED2-F98609B068C2}.Release|x64.Build.0 = Release|x64
		{C631A134-6237-4954-BED2-F98609B068C2}.Release|x64.Deploy.0 = Release|x64
		{C631A134-6237-4954-BED2-F98609B068C2}.Release|x86.ActiveCfg = Release|x86
		{C631A134-6237-4954-BED2-F98609B068C2}.Release|x86.Build.0 = Release|x86
		{C631A134-6237-4954-BED2-F98609B068C2}.Release|x86.Deploy.0 = Release|x86
		{3AFBD0F3-5CA5-46B8-B65D-2AB4F5DA63FF}.Debug|Any CPU.ActiveCfg = Debug|x86
		{3AFBD0F3-5CA5-46B8-B65D-2AB4F5DA63FF}.Debug|ARM.ActiveCfg = Debug|ARM
		{3AFBD0F3-5CA5-46B8-B65D-2AB4F5DA63FF}.Debug|Mixed Platforms.ActiveCfg = Debug|x86
		{3AFBD0F3-5CA5-46B8-B65D-2AB4F5DA63FF}.Debug|Mixed Platforms.Deploy.0 = Debug|x86
		{3AFBD0F3-5CA5-46B8-B65D-2AB4F5DA63FF}.Debug|x64.ActiveCfg = Debug|x86
		{3AFBD0F3-5CA5-46B8-B65D-2AB4F5DA63FF}.Debug|x86.ActiveCfg = Debug|x86
		{3AFBD0F3-5CA5-46B8-B65D-2AB4F5DA63FF}.Debug|x86.Build.0 = Debug|x86
		{3AFBD0F3-5CA5-46B8-B65D-2AB4F5DA63FF}.Debug|x86.Deploy.0 = Debug|x86
		{3AFBD0F3-5CA5-46B8-B65D-2AB4F5DA63FF}.Release|Any CPU.ActiveCfg = Release|x86
		{3AFBD0F3-5CA5-46B8-B65D-2AB4F5DA63FF}.Release|ARM.ActiveCfg = Release|ARM
		{3AFBD0F3-5CA5-46B8-B65D-2AB4F5DA63FF}.Release|ARM.Build.0 = Release|ARM
		{3AFBD0F3-5CA5-46B8-B65D-2AB4F5DA63FF}.Release|ARM.Deploy.0 = Release|ARM
		{3AFBD0F3-5CA5-46B8-B65D-2AB4F5DA63FF}.Release|Mixed Platforms.ActiveCfg = Release|x86
		{3AFBD0F3-5CA5-46B8-B65D-2AB4F5DA63FF}.Release|Mixed Platforms.Build.0 = Release|x86
		{3AFBD0F3-5CA5-46B8-B65D-2AB4F5DA63FF}.Release|Mixed Platforms.Deploy.0 = Release|x86
		{3AFBD0F3-5CA5-46B8-B65D-2AB4F5DA63FF}.Release|x64.ActiveCfg = Release|x86
		{3AFBD0F3-5CA5-46B8-B65D-2AB4F5DA63FF}.Release|x86.ActiveCfg = Release|x86
		{3AFBD0F3-5CA5-46B8-B65D-2AB4F5DA63FF}.Release|x86.Build.0 = Release|x86
		{3AFBD0F3-5CA5-46B8-B65D-2AB4F5DA63FF}.Release|x86.Deploy.0 = Release|x86
		{63B3FEA3-CFF9-4A02-94B1-BCAB90B8F750}.Debug|Any CPU.ActiveCfg = Debug|Any CPU
		{63B3FEA3-CFF9-4A02-94B1-BCAB90B8F750}.Debug|Any CPU.Build.0 = Debug|Any CPU
		{63B3FEA3-CFF9-4A02-94B1-BCAB90B8F750}.Debug|ARM.ActiveCfg = Debug|Any CPU
		{63B3FEA3-CFF9-4A02-94B1-BCAB90B8F750}.Debug|ARM.Build.0 = Debug|Any CPU
		{63B3FEA3-CFF9-4A02-94B1-BCAB90B8F750}.Debug|Mixed Platforms.ActiveCfg = Debug|Any CPU
		{63B3FEA3-CFF9-4A02-94B1-BCAB90B8F750}.Debug|Mixed Platforms.Build.0 = Debug|Any CPU
		{63B3FEA3-CFF9-4A02-94B1-BCAB90B8F750}.Debug|x64.ActiveCfg = Debug|Any CPU
		{63B3FEA3-CFF9-4A02-94B1-BCAB90B8F750}.Debug|x86.ActiveCfg = Debug|Any CPU
		{63B3FEA3-CFF9-4A02-94B1-BCAB90B8F750}.Release|Any CPU.ActiveCfg = Release|Any CPU
		{63B3FEA3-CFF9-4A02-94B1-BCAB90B8F750}.Release|Any CPU.Build.0 = Release|Any CPU
		{63B3FEA3-CFF9-4A02-94B1-BCAB90B8F750}.Release|ARM.ActiveCfg = Release|Any CPU
		{63B3FEA3-CFF9-4A02-94B1-BCAB90B8F750}.Release|Mixed Platforms.ActiveCfg = Release|Any CPU
		{63B3FEA3-CFF9-4A02-94B1-BCAB90B8F750}.Release|Mixed Platforms.Build.0 = Release|Any CPU
		{63B3FEA3-CFF9-4A02-94B1-BCAB90B8F750}.Release|x64.ActiveCfg = Release|Any CPU
		{63B3FEA3-CFF9-4A02-94B1-BCAB90B8F750}.Release|x86.ActiveCfg = Release|Any CPU
		{F75182BC-137E-4204-B1EB-8239A5D8CE90}.Debug|Any CPU.ActiveCfg = Debug|Any CPU
		{F75182BC-137E-4204-B1EB-8239A5D8CE90}.Debug|Any CPU.Build.0 = Debug|Any CPU
		{F75182BC-137E-4204-B1EB-8239A5D8CE90}.Debug|ARM.ActiveCfg = Debug|Any CPU
		{F75182BC-137E-4204-B1EB-8239A5D8CE90}.Debug|ARM.Build.0 = Debug|Any CPU
		{F75182BC-137E-4204-B1EB-8239A5D8CE90}.Debug|Mixed Platforms.ActiveCfg = Debug|Any CPU
		{F75182BC-137E-4204-B1EB-8239A5D8CE90}.Debug|Mixed Platforms.Build.0 = Debug|Any CPU
		{F75182BC-137E-4204-B1EB-8239A5D8CE90}.Debug|x64.ActiveCfg = Debug|Any CPU
		{F75182BC-137E-4204-B1EB-8239A5D8CE90}.Debug|x86.ActiveCfg = Debug|Any CPU
		{F75182BC-137E-4204-B1EB-8239A5D8CE90}.Release|Any CPU.ActiveCfg = Release|Any CPU
		{F75182BC-137E-4204-B1EB-8239A5D8CE90}.Release|Any CPU.Build.0 = Release|Any CPU
		{F75182BC-137E-4204-B1EB-8239A5D8CE90}.Release|ARM.ActiveCfg = Release|Any CPU
		{F75182BC-137E-4204-B1EB-8239A5D8CE90}.Release|Mixed Platforms.ActiveCfg = Release|Any CPU
		{F75182BC-137E-4204-B1EB-8239A5D8CE90}.Release|Mixed Platforms.Build.0 = Release|Any CPU
		{F75182BC-137E-4204-B1EB-8239A5D8CE90}.Release|x64.ActiveCfg = Release|Any CPU
		{F75182BC-137E-4204-B1EB-8239A5D8CE90}.Release|x86.ActiveCfg = Release|Any CPU
		{F248CD9F-4019-487D-824E-8541560CB24B}.Debug|Any CPU.ActiveCfg = Debug|Any CPU
		{F248CD9F-4019-487D-824E-8541560CB24B}.Debug|Any CPU.Build.0 = Debug|Any CPU
		{F248CD9F-4019-487D-824E-8541560CB24B}.Debug|ARM.ActiveCfg = Debug|Any CPU
		{F248CD9F-4019-487D-824E-8541560CB24B}.Debug|ARM.Build.0 = Debug|Any CPU
		{F248CD9F-4019-487D-824E-8541560CB24B}.Debug|Mixed Platforms.ActiveCfg = Debug|Any CPU
		{F248CD9F-4019-487D-824E-8541560CB24B}.Debug|Mixed Platforms.Build.0 = Debug|Any CPU
		{F248CD9F-4019-487D-824E-8541560CB24B}.Debug|x64.ActiveCfg = Debug|Any CPU
		{F248CD9F-4019-487D-824E-8541560CB24B}.Debug|x86.ActiveCfg = Debug|Any CPU
		{F248CD9F-4019-487D-824E-8541560CB24B}.Release|Any CPU.ActiveCfg = Release|Any CPU
		{F248CD9F-4019-487D-824E-8541560CB24B}.Release|Any CPU.Build.0 = Release|Any CPU
		{F248CD9F-4019-487D-824E-8541560CB24B}.Release|ARM.ActiveCfg = Release|Any CPU
		{F248CD9F-4019-487D-824E-8541560CB24B}.Release|Mixed Platforms.ActiveCfg = Release|Any CPU
		{F248CD9F-4019-487D-824E-8541560CB24B}.Release|Mixed Platforms.Build.0 = Release|Any CPU
		{F248CD9F-4019-487D-824E-8541560CB24B}.Release|x64.ActiveCfg = Release|Any CPU
		{F248CD9F-4019-487D-824E-8541560CB24B}.Release|x86.ActiveCfg = Release|Any CPU
		{7C329A42-9F33-4492-AE30-A1CA78AA9361}.Debug|Any CPU.ActiveCfg = Debug|Any CPU
		{7C329A42-9F33-4492-AE30-A1CA78AA9361}.Debug|Any CPU.Build.0 = Debug|Any CPU
		{7C329A42-9F33-4492-AE30-A1CA78AA9361}.Debug|ARM.ActiveCfg = Debug|Any CPU
		{7C329A42-9F33-4492-AE30-A1CA78AA9361}.Debug|ARM.Build.0 = Debug|Any CPU
		{7C329A42-9F33-4492-AE30-A1CA78AA9361}.Debug|Mixed Platforms.ActiveCfg = Debug|Any CPU
		{7C329A42-9F33-4492-AE30-A1CA78AA9361}.Debug|Mixed Platforms.Build.0 = Debug|Any CPU
		{7C329A42-9F33-4492-AE30-A1CA78AA9361}.Debug|x64.ActiveCfg = Debug|Any CPU
		{7C329A42-9F33-4492-AE30-A1CA78AA9361}.Debug|x86.ActiveCfg = Debug|Any CPU
		{7C329A42-9F33-4492-AE30-A1CA78AA9361}.Release|Any CPU.ActiveCfg = Release|Any CPU
		{7C329A42-9F33-4492-AE30-A1CA78AA9361}.Release|Any CPU.Build.0 = Release|Any CPU
		{7C329A42-9F33-4492-AE30-A1CA78AA9361}.Release|ARM.ActiveCfg = Release|Any CPU
		{7C329A42-9F33-4492-AE30-A1CA78AA9361}.Release|Mixed Platforms.ActiveCfg = Release|Any CPU
		{7C329A42-9F33-4492-AE30-A1CA78AA9361}.Release|Mixed Platforms.Build.0 = Release|Any CPU
		{7C329A42-9F33-4492-AE30-A1CA78AA9361}.Release|x64.ActiveCfg = Release|Any CPU
		{7C329A42-9F33-4492-AE30-A1CA78AA9361}.Release|x86.ActiveCfg = Release|Any CPU
		{69816A53-93F6-4B53-841D-C578AFFE23C1}.Debug|Any CPU.ActiveCfg = Debug|x86
		{69816A53-93F6-4B53-841D-C578AFFE23C1}.Debug|ARM.ActiveCfg = Debug|ARM
		{69816A53-93F6-4B53-841D-C578AFFE23C1}.Debug|ARM.Build.0 = Debug|ARM
		{69816A53-93F6-4B53-841D-C578AFFE23C1}.Debug|ARM.Deploy.0 = Debug|ARM
		{69816A53-93F6-4B53-841D-C578AFFE23C1}.Debug|Mixed Platforms.ActiveCfg = Debug|x86
		{69816A53-93F6-4B53-841D-C578AFFE23C1}.Debug|Mixed Platforms.Build.0 = Debug|x86
		{69816A53-93F6-4B53-841D-C578AFFE23C1}.Debug|Mixed Platforms.Deploy.0 = Debug|x86
		{69816A53-93F6-4B53-841D-C578AFFE23C1}.Debug|x64.ActiveCfg = Debug|x64
		{69816A53-93F6-4B53-841D-C578AFFE23C1}.Debug|x64.Build.0 = Debug|x64
		{69816A53-93F6-4B53-841D-C578AFFE23C1}.Debug|x64.Deploy.0 = Debug|x64
		{69816A53-93F6-4B53-841D-C578AFFE23C1}.Debug|x86.ActiveCfg = Debug|x86
		{69816A53-93F6-4B53-841D-C578AFFE23C1}.Debug|x86.Build.0 = Debug|x86
		{69816A53-93F6-4B53-841D-C578AFFE23C1}.Debug|x86.Deploy.0 = Debug|x86
		{69816A53-93F6-4B53-841D-C578AFFE23C1}.Release|Any CPU.ActiveCfg = Release|x86
		{69816A53-93F6-4B53-841D-C578AFFE23C1}.Release|ARM.ActiveCfg = Release|ARM
		{69816A53-93F6-4B53-841D-C578AFFE23C1}.Release|ARM.Build.0 = Release|ARM
		{69816A53-93F6-4B53-841D-C578AFFE23C1}.Release|ARM.Deploy.0 = Release|ARM
		{69816A53-93F6-4B53-841D-C578AFFE23C1}.Release|Mixed Platforms.ActiveCfg = Release|x86
		{69816A53-93F6-4B53-841D-C578AFFE23C1}.Release|Mixed Platforms.Build.0 = Release|x86
		{69816A53-93F6-4B53-841D-C578AFFE23C1}.Release|Mixed Platforms.Deploy.0 = Release|x86
		{69816A53-93F6-4B53-841D-C578AFFE23C1}.Release|x64.ActiveCfg = Release|x64
		{69816A53-93F6-4B53-841D-C578AFFE23C1}.Release|x64.Build.0 = Release|x64
		{69816A53-93F6-4B53-841D-C578AFFE23C1}.Release|x64.Deploy.0 = Release|x64
		{69816A53-93F6-4B53-841D-C578AFFE23C1}.Release|x86.ActiveCfg = Release|x86
		{69816A53-93F6-4B53-841D-C578AFFE23C1}.Release|x86.Build.0 = Release|x86
		{69816A53-93F6-4B53-841D-C578AFFE23C1}.Release|x86.Deploy.0 = Release|x86
	EndGlobalSection
	GlobalSection(SolutionProperties) = preSolution
		HideSolutionNode = FALSE
	EndGlobalSection
	GlobalSection(NestedProjects) = preSolution
		{DDEEEB5C-6B35-418A-A427-396B285A5C59} = {4793A2A6-228F-4BAD-98D7-11BBC3D1F991}
		{AA29576C-91E5-4830-88A1-7CBC210FCF62} = {4793A2A6-228F-4BAD-98D7-11BBC3D1F991}
		{4638BB3F-CD49-4D4D-9C55-1AAD5F9811D8} = {4793A2A6-228F-4BAD-98D7-11BBC3D1F991}
		{86E10323-86A9-4838-AE25-25005B3396E2} = {C3DAE4EA-A133-42FB-963E-D12B081DCEC3}
		{0F8F1A45-7D06-42B2-873D-4F396769C0DC} = {C3DAE4EA-A133-42FB-963E-D12B081DCEC3}
		{715C0BE4-CAF1-4BEB-856E-F8AFD6C7CDE3} = {C3DAE4EA-A133-42FB-963E-D12B081DCEC3}
		{69CE0E1B-AB69-4173-9DBC-EE36DC83042A} = {4793A2A6-228F-4BAD-98D7-11BBC3D1F991}
		{737CF5AC-4204-4C1A-B8B7-8034E15C6919} = {4793A2A6-228F-4BAD-98D7-11BBC3D1F991}
		{FF8D8207-C80D-4591-9F73-0E3A709FC26F} = {4793A2A6-228F-4BAD-98D7-11BBC3D1F991}
		{F2061336-4A1B-48D6-88CB-3D98B0476513} = {FF8D8207-C80D-4591-9F73-0E3A709FC26F}
		{754555BE-7F00-404E-B6C0-8F2A7EBD431E} = {79CE4901-1D6A-44A0-8965-C84836B44309}
		{C196F640-FB3F-4789-BB3C-BB8CCAADD720} = {2078D338-4D01-414A-A7E0-33D2CF3516FD}
		{AA94B8CB-9A3F-4A19-97F9-5090268045BC} = {2078D338-4D01-414A-A7E0-33D2CF3516FD}
		{03DC9666-5661-464B-865C-77FABCFC292D} = {79CE4901-1D6A-44A0-8965-C84836B44309}
		{CB6C4588-8F23-4B6C-BFDF-3947CE737DC9} = {79CE4901-1D6A-44A0-8965-C84836B44309}
		{3588A83E-FAE1-4BE0-9F43-97D3BBDFB03A} = {79CE4901-1D6A-44A0-8965-C84836B44309}
		{C631A134-6237-4954-BED2-F98609B068C2} = {3588A83E-FAE1-4BE0-9F43-97D3BBDFB03A}
		{3AFBD0F3-5CA5-46B8-B65D-2AB4F5DA63FF} = {3588A83E-FAE1-4BE0-9F43-97D3BBDFB03A}
		{63B3FEA3-CFF9-4A02-94B1-BCAB90B8F750} = {79CE4901-1D6A-44A0-8965-C84836B44309}
		{F75182BC-137E-4204-B1EB-8239A5D8CE90} = {79CE4901-1D6A-44A0-8965-C84836B44309}
		{F248CD9F-4019-487D-824E-8541560CB24B} = {79CE4901-1D6A-44A0-8965-C84836B44309}
		{7C329A42-9F33-4492-AE30-A1CA78AA9361} = {79CE4901-1D6A-44A0-8965-C84836B44309}
		{2078D338-4D01-414A-A7E0-33D2CF3516FD} = {79CE4901-1D6A-44A0-8965-C84836B44309}
		{A9A99FF1-86FC-496F-864A-C6B6D5C0392B} = {79CE4901-1D6A-44A0-8965-C84836B44309}
		{69816A53-93F6-4B53-841D-C578AFFE23C1} = {A9A99FF1-86FC-496F-864A-C6B6D5C0392B}
	EndGlobalSection
EndGlobal
